
Microsoft Visual Studio Solution File, Format Version 12.00
# Visual Studio Version 17
VisualStudioVersion = 17.5.002.0
MinimumVisualStudioVersion = 10.0.40219.1
Project("{9A19103F-16F7-4668-BE54-9A1E7A4F7556}") = "teste_codigo_csharp", "teste_codigo_csharp\teste_codigo_csharp.csproj", "{D1FBA048-70CB-416E-B26C-849D3AF7585E}"
EndProject
Global
	GlobalSection(SolutionConfigurationPlatforms) = preSolution
		Debug|Any CPU = Debug|Any CPU
		Release|Any CPU = Release|Any CPU
	EndGlobalSection
	GlobalSection(ProjectConfigurationPlatforms) = postSolution
		{D1FBA048-70CB-416E-B26C-849D3AF7585E}.Debug|Any CPU.ActiveCfg = Debug|Any CPU
		{D1FBA048-70CB-416E-B26C-849D3AF7585E}.Debug|Any CPU.Build.0 = Debug|Any CPU
		{D1FBA048-70CB-416E-B26C-849D3AF7585E}.Release|Any CPU.ActiveCfg = Release|Any CPU
		{D1FBA048-70CB-416E-B26C-849D3AF7585E}.Release|Any CPU.Build.0 = Release|Any CPU
	EndGlobalSection
	GlobalSection(SolutionProperties) = preSolution
		HideSolutionNode = FALSE
	EndGlobalSection
	GlobalSection(ExtensibilityGlobals) = postSolution
		SolutionGuid = {2ED20845-693D-4DCF-9D51-AC9A32165EE7}
	EndGlobalSection
EndGlobal
